
Microsoft Visual Studio Solution File, Format Version 12.00
# Visual Studio Version 16
VisualStudioVersion = 16.0.29613.14
MinimumVisualStudioVersion = 10.0.40219.1
Project("{8BC9CEB8-8B4A-11D0-8D11-00A0C91BC942}") = "VFX Midi to IC", "VFX Midi to IC\VFX Midi to IC.vcxproj", "{5187F26F-5EC8-4ED7-BDC3-CF9199F7FF36}"
EndProject
Global
	GlobalSection(SolutionConfigurationPlatforms) = preSolution
		Debug|x64 = Debug|x64
		Debug|x86 = Debug|x86
		Release|x64 = Release|x64
		Release|x86 = Release|x86
	EndGlobalSection
	GlobalSection(ProjectConfigurationPlatforms) = postSolution
		{5187F26F-5EC8-4ED7-BDC3-CF9199F7FF36}.Debug|x64.ActiveCfg = Debug|x64
		{5187F26F-5EC8-4ED7-BDC3-CF9199F7FF36}.Debug|x64.Build.0 = Debug|x64
		{5187F26F-5EC8-4ED7-BDC3-CF9199F7FF36}.Debug|x86.ActiveCfg = Debug|Win32
		{5187F26F-5EC8-4ED7-BDC3-CF9199F7FF36}.Debug|x86.Build.0 = Debug|Win32
		{5187F26F-5EC8-4ED7-BDC3-CF9199F7FF36}.Release|x64.ActiveCfg = Release|x64
		{5187F26F-5EC8-4ED7-BDC3-CF9199F7FF36}.Release|x64.Build.0 = Release|x64
		{5187F26F-5EC8-4ED7-BDC3-CF9199F7FF36}.Release|x86.ActiveCfg = Release|Win32
		{5187F26F-5EC8-4ED7-BDC3-CF9199F7FF36}.Release|x86.Build.0 = Release|Win32
	EndGlobalSection
	GlobalSection(SolutionProperties) = preSolution
		HideSolutionNode = FALSE
	EndGlobalSection
	GlobalSection(ExtensibilityGlobals) = postSolution
		SolutionGuid = {5ABD4CAF-4F11-4714-B985-852B9302ED63}
	EndGlobalSection
EndGlobal
